
Microsoft Visual Studio Solution File, Format Version 12.00
# Visual Studio Version 17
VisualStudioVersion = 17.8.34309.116
MinimumVisualStudioVersion = 10.0.40219.1
Project("{FAE04EC0-301F-11D3-BF4B-00C04F79EFBC}") = "UniCollabMaui", "UniCollabMaui\UniCollabMaui.csproj", "{CE8DF0EF-5063-4BE3-A765-15323B355F59}"
EndProject
Global
	GlobalSection(SolutionConfigurationPlatforms) = preSolution
		Debug|Any CPU = Debug|Any CPU
		Release|Any CPU = Release|Any CPU
	EndGlobalSection
	GlobalSection(ProjectConfigurationPlatforms) = postSolution
		{CE8DF0EF-5063-4BE3-A765-15323B355F59}.Debug|Any CPU.ActiveCfg = Debug|Any CPU
		{CE8DF0EF-5063-4BE3-A765-15323B355F59}.Debug|Any CPU.Build.0 = Debug|Any CPU
		{CE8DF0EF-5063-4BE3-A765-15323B355F59}.Debug|Any CPU.Deploy.0 = Debug|Any CPU
		{CE8DF0EF-5063-4BE3-A765-15323B355F59}.Release|Any CPU.ActiveCfg = Release|Any CPU
		{CE8DF0EF-5063-4BE3-A765-15323B355F59}.Release|Any CPU.Build.0 = Release|Any CPU
		{CE8DF0EF-5063-4BE3-A765-15323B355F59}.Release|Any CPU.Deploy.0 = Release|Any CPU
	EndGlobalSection
	GlobalSection(SolutionProperties) = preSolution
		HideSolutionNode = FALSE
	EndGlobalSection
	GlobalSection(ExtensibilityGlobals) = postSolution
		SolutionGuid = {C5A6AC18-4512-42D8-984F-4B1045DBAE4B}
	EndGlobalSection
EndGlobal
